
Microsoft Visual Studio Solution File, Format Version 12.00
# Visual Studio Version 17
VisualStudioVersion = 17.8.34330.188
MinimumVisualStudioVersion = 10.0.40219.1
Project("{FAE04EC0-301F-11D3-BF4B-00C04F79EFBC}") = "WebXeHoi", "WebXeHoi\WebXeHoi.csproj", "{0634DB23-2AB7-481D-8EF1-7F3CA4B3A746}"
EndProject
Global
	GlobalSection(SolutionConfigurationPlatforms) = preSolution
		Debug|Any CPU = Debug|Any CPU
		Release|Any CPU = Release|Any CPU
	EndGlobalSection
	GlobalSection(ProjectConfigurationPlatforms) = postSolution
		{0634DB23-2AB7-481D-8EF1-7F3CA4B3A746}.Debug|Any CPU.ActiveCfg = Debug|Any CPU
		{0634DB23-2AB7-481D-8EF1-7F3CA4B3A746}.Debug|Any CPU.Build.0 = Debug|Any CPU
		{0634DB23-2AB7-481D-8EF1-7F3CA4B3A746}.Release|Any CPU.ActiveCfg = Release|Any CPU
		{0634DB23-2AB7-481D-8EF1-7F3CA4B3A746}.Release|Any CPU.Build.0 = Release|Any CPU
	EndGlobalSection
	GlobalSection(SolutionProperties) = preSolution
		HideSolutionNode = FALSE
	EndGlobalSection
	GlobalSection(ExtensibilityGlobals) = postSolution
		SolutionGuid = {2E823FAE-DC25-43C7-BCF8-28E634AF0C9A}
	EndGlobalSection
EndGlobal
